// !$*UTF8*$!
{
	archiveVersion = 1;
	classes = {
	};
	objectVersion = 50;
	objects = {

/* Begin PBXBuildFile section */
		8E0CE781248B230F00987B16 /* AppDelegate.swift in Sources */ = {isa = PBXBuildFile; fileRef = 8E0CE780248B230F00987B16 /* AppDelegate.swift */; };
		8E0CE783248B230F00987B16 /* SceneDelegate.swift in Sources */ = {isa = PBXBuildFile; fileRef = 8E0CE782248B230F00987B16 /* SceneDelegate.swift */; };
		8E0CE785248B230F00987B16 /* ViewController.swift in Sources */ = {isa = PBXBuildFile; fileRef = 8E0CE784248B230F00987B16 /* ViewController.swift */; };
		8E0CE788248B230F00987B16 /* Main.storyboard in Resources */ = {isa = PBXBuildFile; fileRef = 8E0CE786248B230F00987B16 /* Main.storyboard */; };
		8E0CE78A248B231700987B16 /* Assets.xcassets in Resources */ = {isa = PBXBuildFile; fileRef = 8E0CE789248B231700987B16 /* Assets.xcassets */; };
		8E0CE78D248B231700987B16 /* LaunchScreen.storyboard in Resources */ = {isa = PBXBuildFile; fileRef = 8E0CE78B248B231700987B16 /* LaunchScreen.storyboard */; };
		8E0CE795248B235000987B16 /* cards.swift in Sources */ = {isa = PBXBuildFile; fileRef = 8E0CE794248B235000987B16 /* cards.swift */; };
/* End PBXBuildFile section */

/* Begin PBXFileReference section */
		8E0CE77D248B230F00987B16 /* dailyBlitz2.0.app */ = {isa = PBXFileReference; explicitFileType = wrapper.application; includeInIndex = 0; path = dailyBlitz2.0.app; sourceTree = BUILT_PRODUCTS_DIR; };
		8E0CE780248B230F00987B16 /* AppDelegate.swift */ = {isa = PBXFileReference; lastKnownFileType = sourcecode.swift; path = AppDelegate.swift; sourceTree = "<group>"; };
		8E0CE782248B230F00987B16 /* SceneDelegate.swift */ = {isa = PBXFileReference; lastKnownFileType = sourcecode.swift; path = SceneDelegate.swift; sourceTree = "<group>"; };
		8E0CE784248B230F00987B16 /* ViewController.swift */ = {isa = PBXFileReference; lastKnownFileType = sourcecode.swift; path = ViewController.swift; sourceTree = "<group>"; };
		8E0CE787248B230F00987B16 /* Base */ = {isa = PBXFileReference; lastKnownFileType = file.storyboard; name = Base; path = Base.lproj/Main.storyboard; sourceTree = "<group>"; };
		8E0CE789248B231700987B16 /* Assets.xcassets */ = {isa = PBXFileReference; lastKnownFileType = folder.assetcatalog; path = Assets.xcassets; sourceTree = "<group>"; };
		8E0CE78C248B231700987B16 /* Base */ = {isa = PBXFileReference; lastKnownFileType = file.storyboard; name = Base; path = Base.lproj/LaunchScreen.storyboard; sourceTree = "<group>"; };
		8E0CE78E248B231700987B16 /* Info.plist */ = {isa = PBXFileReference; lastKnownFileType = text.plist.xml; path = Info.plist; sourceTree = "<group>"; };
		8E0CE794248B235000987B16 /* cards.swift */ = {isa = PBXFileReference; lastKnownFileType = sourcecode.swift; path = cards.swift; sourceTree = "<group>"; };
/* End PBXFileReference section */

/* Begin PBXFrameworksBuildPhase section */
		8E0CE77A248B230F00987B16 /* Frameworks */ = {
			isa = PBXFrameworksBuildPhase;
			buildActionMask = 2147483647;
			files = (
			);
			runOnlyForDeploymentPostprocessing = 0;
		};
/* End PBXFrameworksBuildPhase section */

/* Begin PBXGroup section */
		8E0CE774248B230F00987B16 = {
			isa = PBXGroup;
			children = (
				8E0CE77F248B230F00987B16 /* dailyBlitz2.0 */,
				8E0CE77E248B230F00987B16 /* Products */,
			);
			sourceTree = "<group>";
		};
		8E0CE77E248B230F00987B16 /* Products */ = {
			isa = PBXGroup;
			children = (
				8E0CE77D248B230F00987B16 /* dailyBlitz2.0.app */,
			);
			name = Products;
			sourceTree = "<group>";
		};
		8E0CE77F248B230F00987B16 /* dailyBlitz2.0 */ = {
			isa = PBXGroup;
			children = (
				8E0CE780248B230F00987B16 /* AppDelegate.swift */,
				8E0CE782248B230F00987B16 /* SceneDelegate.swift */,
				8E0CE784248B230F00987B16 /* ViewController.swift */,
				8E0CE786248B230F00987B16 /* Main.storyboard */,
				8E0CE789248B231700987B16 /* Assets.xcassets */,
				8E0CE78B248B231700987B16 /* LaunchScreen.storyboard */,
				8E0CE794248B235000987B16 /* cards.swift */,
				8E0CE78E248B231700987B16 /* Info.plist */,
			);
			path = dailyBlitz2.0;
			sourceTree = "<group>";
		};
/* End PBXGroup section */

/* Begin PBXNativeTarget section */
		8E0CE77C248B230F00987B16 /* dailyBlitz2.0 */ = {
			isa = PBXNativeTarget;
			buildConfigurationList = 8E0CE791248B231700987B16 /* Build configuration list for PBXNativeTarget "dailyBlitz2.0" */;
			buildPhases = (
				8E0CE779248B230F00987B16 /* Sources */,
				8E0CE77A248B230F00987B16 /* Frameworks */,
				8E0CE77B248B230F00987B16 /* Resources */,
			);
			buildRules = (
			);
			dependencies = (
			);
			name = dailyBlitz2.0;
			productName = dailyBlitz2.0;
			productReference = 8E0CE77D248B230F00987B16 /* dailyBlitz2.0.app */;
			productType = "com.apple.product-type.application";
		};
/* End PBXNativeTarget section */

/* Begin PBXProject section */
		8E0CE775248B230F00987B16 /* Project object */ = {
			isa = PBXProject;
			attributes = {
				LastSwiftUpdateCheck = 1130;
				LastUpgradeCheck = 1130;
				ORGANIZATIONNAME = ASU;
				TargetAttributes = {
					8E0CE77C248B230F00987B16 = {
						CreatedOnToolsVersion = 11.3;
					};
				};
			};
			buildConfigurationList = 8E0CE778248B230F00987B16 /* Build configuration list for PBXProject "dailyBlitz2.0" */;
			compatibilityVersion = "Xcode 9.3";
			developmentRegion = en;
			hasScannedForEncodings = 0;
			knownRegions = (
				en,
				Base,
			);
			mainGroup = 8E0CE774248B230F00987B16;
			productRefGroup = 8E0CE77E248B230F00987B16 /* Products */;
			projectDirPath = "";
			projectRoot = "";
			targets = (
				8E0CE77C248B230F00987B16 /* dailyBlitz2.0 */,
			);
		};
/* End PBXProject section */

/* Begin PBXResourcesBuildPhase section */
		8E0CE77B248B230F00987B16 /* Resources */ = {
			isa = PBXResourcesBuildPhase;
			buildActionMask = 2147483647;
			files = (
				8E0CE78D248B231700987B16 /* LaunchScreen.storyboard in Resources */,
				8E0CE78A248B231700987B16 /* Assets.xcassets in Resources */,
				8E0CE788248B230F00987B16 /* Main.storyboard in Resources */,
			);
			runOnlyForDeploymentPostprocessing = 0;
		};
/* End PBXResourcesBuildPhase section */

/* Begin PBXSourcesBuildPhase section */
		8E0CE779248B230F00987B16 /* Sources */ = {
			isa = PBXSourcesBuildPhase;
			buildActionMask = 2147483647;
			files = (
				8E0CE785248B230F00987B16 /* ViewController.swift in Sources */,
				8E0CE781248B230F00987B16 /* AppDelegate.swift in Sources */,
				8E0CE783248B230F00987B16 /* SceneDelegate.swift in Sources */,
				8E0CE795248B235000987B16 /* cards.swift in Sources */,
			);
			runOnlyForDeploymentPostprocessing = 0;
		};
/* End PBXSourcesBuildPhase section */

/* Begin PBXVariantGroup section */
		8E0CE786248B230F00987B16 /* Main.storyboard */ = {
			isa = PBXVariantGroup;
			children = (
				8E0CE787248B230F00987B16 /* Base */,
			);
			name = Main.storyboard;
			sourceTree = "<group>";
		};
		8E0CE78B248B231700987B16 /* LaunchScreen.storyboard */ = {
			isa = PBXVariantGroup;
			children = (
				8E0CE78C248B231700987B16 /* Base */,
			);
			name = LaunchScreen.storyboard;
			sourceTree = "<group>";
		};
/* End PBXVariantGroup section */

/* Begin XCBuildConfiguration section */
		8E0CE78F248B231700987B16 /* Debug */ = {
			isa = XCBuildConfiguration;
			buildSettings = {
				ALWAYS_SEARCH_USER_PATHS = NO;
				CLANG_ANALYZER_NONNULL = YES;
				CLANG_ANALYZER_NUMBER_OBJECT_CONVERSION = YES_AGGRESSIVE;
				CLANG_CXX_LANGUAGE_STANDARD = "gnu++14";
				CLANG_CXX_LIBRARY = "libc++";
				CLANG_ENABLE_MODULES = YES;
				CLANG_ENABLE_OBJC_ARC = YES;
				CLANG_ENABLE_OBJC_WEAK = YES;
				CLANG_WARN_BLOCK_CAPTURE_AUTORELEASING = YES;
				CLANG_WARN_BOOL_CONVERSION = YES;
				CLANG_WARN_COMMA = YES;
				CLANG_WARN_CONSTANT_CONVERSION = YES;
				CLANG_WARN_DEPRECATED_OBJC_IMPLEMENTATIONS = YES;
				CLANG_WARN_DIRECT_OBJC_ISA_USAGE = YES_ERROR;
				CLANG_WARN_DOCUMENTATION_COMMENTS = YES;
				CLANG_WARN_EMPTY_BODY = YES;
				CLANG_WARN_ENUM_CONVERSION = YES;
				CLANG_WARN_INFINITE_RECURSION = YES;
				CLANG_WARN_INT_CONVERSION = YES;
				CLANG_WARN_NON_LITERAL_NULL_CONVERSION = YES;
				CLANG_WARN_OBJC_IMPLICIT_RETAIN_SELF = YES;
				CLANG_WARN_OBJC_LITERAL_CONVERSION = YES;
				CLANG_WARN_OBJC_ROOT_CLASS = YES_ERROR;
				CLANG_WARN_RANGE_LOOP_ANALYSIS = YES;
				CLANG_WARN_STRICT_PROTOTYPES = YES;
				CLANG_WARN_SUSPICIOUS_MOVE = YES;
				CLANG_WARN_UNGUARDED_AVAILABILITY = YES_AGGRESSIVE;
				CLANG_WARN_UNREACHABLE_CODE = YES;
				CLANG_WARN__DUPLICATE_METHOD_MATCH = YES;
				COPY_PHASE_STRIP = NO;
				DEBUG_INFORMATION_FORMAT = dwarf;
				ENABLE_STRICT_OBJC_MSGSEND = YES;
				ENABLE_TESTABILITY = YES;
				GCC_C_LANGUAGE_STANDARD = gnu11;
				GCC_DYNAMIC_NO_PIC = NO;
				GCC_NO_COMMON_BLOCKS = YES;
				GCC_OPTIMIZATION_LEVEL = 0;
				GCC_PREPROCESSOR_DEFINITIONS = (
					"DEBUG=1",
					"$(inherited)",
				);
				GCC_WARN_64_TO_32_BIT_CONVERSION = YES;
				GCC_WARN_ABOUT_RETURN_TYPE = YES_ERROR;
				GCC_WARN_UNDECLARED_SELECTOR = YES;
				GCC_WARN_UNINITIALIZED_AUTOS = YES_AGGRESSIVE;
				GCC_WARN_UNUSED_FUNCTION = YES;
				GCC_WARN_UNUSED_VARIABLE = YES;
				IPHONEOS_DEPLOYMENT_TARGET = 13.2;
				MTL_ENABLE_DEBUG_INFO = INCLUDE_SOURCE;
				MTL_FAST_MATH = YES;
				ONLY_ACTIVE_ARCH = YES;
				SDKROOT = iphoneos;
				SWIFT_ACTIVE_COMPILATION_CONDITIONS = DEBUG;
				SWIFT_OPTIMIZATION_LEVEL = "-Onone";
			};
			name = Debug;
		};
		8E0CE790248B231700987B16 /* Release */ = {
			isa = XCBuildConfiguration;
			buildSettings = {
				ALWAYS_SEARCH_USER_PATHS = NO;
				CLANG_ANALYZER_NONNULL = YES;
				CLANG_ANALYZER_NUMBER_OBJECT_CONVERSION = YES_AGGRESSIVE;
				CLANG_CXX_LANGUAGE_STANDARD = "gnu++14";
				CLANG_CXX_LIBRARY = "libc++";
				CLANG_ENABLE_MODULES = YES;
				CLANG_ENABLE_OBJC_ARC = YES;
				CLANG_ENABLE_OBJC_WEAK = YES;
				CLANG_WARN_BLOCK_CAPTURE_AUTORELEASING = YES;
				CLANG_WARN_BOOL_CONVERSION = YES;
				CLANG_WARN_COMMA = YES;
				CLANG_WARN_CONSTANT_CONVERSION = YES;
				CLANG_WARN_DEPRECATED_OBJC_IMPLEMENTATIONS = YES;
				CLANG_WARN_DIRECT_OBJC_ISA_USAGE = YES_ERROR;
				CLANG_WARN_DOCUMENTATION_COMMENTS = YES;
				CLANG_WARN_EMPTY_BODY = YES;
				CLANG_WARN_ENUM_CONVERSION = YES;
				CLANG_WARN_INFINITE_RECURSION = YES;
				CLANG_WARN_INT_CONVERSION = YES;
				CLANG_WARN_NON_LITERAL_NULL_CONVERSION = YES;
				CLANG_WARN_OBJC_IMPLICIT_RETAIN_SELF = YES;
				CLANG_WARN_OBJC_LITERAL_CONVERSION = YES;
				CLANG_WARN_OBJC_ROOT_CLASS = YES_ERROR;
				CLANG_WARN_RANGE_LOOP_ANALYSIS = YES;
				CLANG_WARN_STRICT_PROTOTYPES = YES;
				CLANG_WARN_SUSPICIOUS_MOVE = YES;
				CLANG_WARN_UNGUARDED_AVAILABILITY = YES_AGGRESSIVE;
				CLANG_WARN_UNREACHABLE_CODE = YES;
				CLANG_WARN__DUPLICATE_METHOD_MATCH = YES;
				COPY_PHASE_STRIP = NO;
				DEBUG_INFORMATION_FORMAT = "dwarf-with-dsym";
				ENABLE_NS_ASSERTIONS = NO;
				ENABLE_STRICT_OBJC_MSGSEND = YES;
				GCC_C_LANGUAGE_STANDARD = gnu11;
				GCC_NO_COMMON_BLOCKS = YES;
				GCC_WARN_64_TO_32_BIT_CONVERSION = YES;
				GCC_WARN_ABOUT_RETURN_TYPE = YES_ERROR;
				GCC_WARN_UNDECLARED_SELECTOR = YES;
				GCC_WARN_UNINITIALIZED_AUTOS = YES_AGGRESSIVE;
				GCC_WARN_UNUSED_FUNCTION = YES;
				GCC_WARN_UNUSED_VARIABLE = YES;
				IPHONEOS_DEPLOYMENT_TARGET = 13.2;
				MTL_ENABLE_DEBUG_INFO = NO;
				MTL_FAST_MATH = YES;
				SDKROOT = iphoneos;
				SWIFT_COMPILATION_MODE = wholemodule;
				SWIFT_OPTIMIZATION_LEVEL = "-O";
				VALIDATE_PRODUCT = YES;
			};
			name = Release;
		};
		8E0CE792248B231700987B16 /* Debug */ = {
			isa = XCBuildConfiguration;
			buildSettings = {
				ASSETCATALOG_COMPILER_APPICON_NAME = AppIcon;
				CODE_SIGN_STYLE = Automatic;
				DEVELOPMENT_TEAM = B5VDB94NU2;
				INFOPLIST_FILE = dailyBlitz2.0/Info.plist;
				LD_RUNPATH_SEARCH_PATHS = (
					"$(inherited)",
					"@executable_path/Frameworks",
				);
				PRODUCT_BUNDLE_IDENTIFIER = "com.sullivandupre.dailyBlitz2-0";
				PRODUCT_NAME = "$(TARGET_NAME)";
				SWIFT_VERSION = 5.0;
				TARGETED_DEVICE_FAMILY = "1,2";
			};
			name = Debug;
		};
		8E0CE793248B231700987B16 /* Release */ = {
			isa = XCBuildConfiguration;
			buildSettings = {
				ASSETCATALOG_COMPILER_APPICON_NAME = AppIcon;
				CODE_SIGN_STYLE = Automatic;
				DEVELOPMENT_TEAM = B5VDB94NU2;
				INFOPLIST_FILE = dailyBlitz2.0/Info.plist;
				LD_RUNPATH_SEARCH_PATHS = (
					"$(inherited)",
					"@executable_path/Frameworks",
				);
				PRODUCT_BUNDLE_IDENTIFIER = "com.sullivandupre.dailyBlitz2-0";
				PRODUCT_NAME = "$(TARGET_NAME)";
				SWIFT_VERSION = 5.0;
				TARGETED_DEVICE_FAMILY = "1,2";
			};
			name = Release;
		};
/* End XCBuildConfiguration section */

/* Begin XCConfigurationList section */
		8E0CE778248B230F00987B16 /* Build configuration list for PBXProject "dailyBlitz2.0" */ = {
			isa = XCConfigurationList;
			buildConfigurations = (
				8E0CE78F248B231700987B16 /* Debug */,
				8E0CE790248B231700987B16 /* Release */,
			);
			defaultConfigurationIsVisible = 0;
			defaultConfigurationName = Release;
		};
		8E0CE791248B231700987B16 /* Build configuration list for PBXNativeTarget "dailyBlitz2.0" */ = {
			isa = XCConfigurationList;
			buildConfigurations = (
				8E0CE792248B231700987B16 /* Debug */,
				8E0CE793248B231700987B16 /* Release */,
			);
			defaultConfigurationIsVisible = 0;
			defaultConfigurationName = Release;
		};
/* End XCConfigurationList section */
	};
	rootObject = 8E0CE775248B230F00987B16 /* Project object */;
}
